// !$*UTF8*$!
{
	archiveVersion = 1;
	classes = {
	};
	objectVersion = 46;
	objects = {

/* Begin PBXBuildFile section */
		0535F75C1D6ECDA300CA9F94 /* main.m in Sources */ = {isa = PBXBuildFile; fileRef = 0535F75B1D6ECDA300CA9F94 /* main.m */; };
		0535F75F1D6ECDA300CA9F94 /* AppDelegate.m in Sources */ = {isa = PBXBuildFile; fileRef = 0535F75E1D6ECDA300CA9F94 /* AppDelegate.m */; };
		0535F7621D6ECDA300CA9F94 /* ViewController.m in Sources */ = {isa = PBXBuildFile; fileRef = 0535F7611D6ECDA300CA9F94 /* ViewController.m */; };
		0535F7651D6ECDA300CA9F94 /* Main.storyboard in Resources */ = {isa = PBXBuildFile; fileRef = 0535F7631D6ECDA300CA9F94 /* Main.storyboard */; };
		0535F7671D6ECDA300CA9F94 /* Assets.xcassets in Resources */ = {isa = PBXBuildFile; fileRef = 0535F7661D6ECDA300CA9F94 /* Assets.xcassets */; };
		0535F76A1D6ECDA300CA9F94 /* LaunchScreen.storyboard in Resources */ = {isa = PBXBuildFile; fileRef = 0535F7681D6ECDA300CA9F94 /* LaunchScreen.storyboard */; };
		0535F7751D6ECDA300CA9F94 /* Quartz2D_DemoTests.m in Sources */ = {isa = PBXBuildFile; fileRef = 0535F7741D6ECDA300CA9F94 /* Quartz2D_DemoTests.m */; };
		0535F7801D6ECDA300CA9F94 /* Quartz2D_DemoUITests.m in Sources */ = {isa = PBXBuildFile; fileRef = 0535F77F1D6ECDA300CA9F94 /* Quartz2D_DemoUITests.m */; };
		0535F78F1D6ECFAC00CA9F94 /* CustomView.m in Sources */ = {isa = PBXBuildFile; fileRef = 0535F78E1D6ECFAC00CA9F94 /* CustomView.m */; };
		055575F41D73D2E400D2D4D7 /* AViewController.m in Sources */ = {isa = PBXBuildFile; fileRef = 055575F31D73D2E400D2D4D7 /* AViewController.m */; };
		055575F71D7408F600D2D4D7 /* MyLayer.m in Sources */ = {isa = PBXBuildFile; fileRef = 055575F61D7408F600D2D4D7 /* MyLayer.m */; };
		055575FA1D741BE200D2D4D7 /* CustomView7.m in Sources */ = {isa = PBXBuildFile; fileRef = 055575F91D741BE200D2D4D7 /* CustomView7.m */; };
		055575FD1D74279400D2D4D7 /* CViewController.m in Sources */ = {isa = PBXBuildFile; fileRef = 055575FC1D74279400D2D4D7 /* CViewController.m */; };
		0569E7CB1D6FDCBD0041190B /* CustomView2.m in Sources */ = {isa = PBXBuildFile; fileRef = 0569E7CA1D6FDCBD0041190B /* CustomView2.m */; };
		0569E7CE1D7021C80041190B /* CustomView3.m in Sources */ = {isa = PBXBuildFile; fileRef = 0569E7CD1D7021C80041190B /* CustomView3.m */; };
		0569E7D01D70253D0041190B /* 动态1 copy@2x.png in Resources */ = {isa = PBXBuildFile; fileRef = 0569E7CF1D70253D0041190B /* 动态1 copy@2x.png */; };
		0569E7D31D7030FC0041190B /* CustomView4.m in Sources */ = {isa = PBXBuildFile; fileRef = 0569E7D21D7030FC0041190B /* CustomView4.m */; };
		0569E7D61D7035860041190B /* CustomView5.m in Sources */ = {isa = PBXBuildFile; fileRef = 0569E7D51D7035860041190B /* CustomView5.m */; };
		0569E7D81D7035F20041190B /* 礼物盒3@2x.png in Resources */ = {isa = PBXBuildFile; fileRef = 0569E7D71D7035F20041190B /* 礼物盒3@2x.png */; };
/* End PBXBuildFile section */

/* Begin PBXContainerItemProxy section */
		0535F7711D6ECDA300CA9F94 /* PBXContainerItemProxy */ = {
			isa = PBXContainerItemProxy;
			containerPortal = 0535F74F1D6ECDA300CA9F94 /* Project object */;
			proxyType = 1;
			remoteGlobalIDString = 0535F7561D6ECDA300CA9F94;
			remoteInfo = "Quartz2D-Demo";
		};
		0535F77C1D6ECDA300CA9F94 /* PBXContainerItemProxy */ = {
			isa = PBXContainerItemProxy;
			containerPortal = 0535F74F1D6ECDA300CA9F94 /* Project object */;
			proxyType = 1;
			remoteGlobalIDString = 0535F7561D6ECDA300CA9F94;
			remoteInfo = "Quartz2D-Demo";
		};
/* End PBXContainerItemProxy section */

/* Begin PBXFileReference section */
		0535F7571D6ECDA300CA9F94 /* Quartz2D-Demo.app */ = {isa = PBXFileReference; explicitFileType = wrapper.application; includeInIndex = 0; path = "Quartz2D-Demo.app"; sourceTree = BUILT_PRODUCTS_DIR; };
		0535F75B1D6ECDA300CA9F94 /* main.m */ = {isa = PBXFileReference; lastKnownFileType = sourcecode.c.objc; path = main.m; sourceTree = "<group>"; };
		0535F75D1D6ECDA300CA9F94 /* AppDelegate.h */ = {isa = PBXFileReference; lastKnownFileType = sourcecode.c.h; path = AppDelegate.h; sourceTree = "<group>"; };
		0535F75E1D6ECDA300CA9F94 /* AppDelegate.m */ = {isa = PBXFileReference; lastKnownFileType = sourcecode.c.objc; path = AppDelegate.m; sourceTree = "<group>"; };
		0535F7601D6ECDA300CA9F94 /* ViewController.h */ = {isa = PBXFileReference; lastKnownFileType = sourcecode.c.h; path = ViewController.h; sourceTree = "<group>"; };
		0535F7611D6ECDA300CA9F94 /* ViewController.m */ = {isa = PBXFileReference; lastKnownFileType = sourcecode.c.objc; path = ViewController.m; sourceTree = "<group>"; };
		0535F7641D6ECDA300CA9F94 /* Base */ = {isa = PBXFileReference; lastKnownFileType = file.storyboard; name = Base; path = Base.lproj/Main.storyboard; sourceTree = "<group>"; };
		0535F7661D6ECDA300CA9F94 /* Assets.xcassets */ = {isa = PBXFileReference; lastKnownFileType = folder.assetcatalog; path = Assets.xcassets; sourceTree = "<group>"; };
		0535F7691D6ECDA300CA9F94 /* Base */ = {isa = PBXFileReference; lastKnownFileType = file.storyboard; name = Base; path = Base.lproj/LaunchScreen.storyboard; sourceTree = "<group>"; };
		0535F76B1D6ECDA300CA9F94 /* Info.plist */ = {isa = PBXFileReference; lastKnownFileType = text.plist.xml; path = Info.plist; sourceTree = "<group>"; };
		0535F7701D6ECDA300CA9F94 /* Quartz2D-DemoTests.xctest */ = {isa = PBXFileReference; explicitFileType = wrapper.cfbundle; includeInIndex = 0; path = "Quartz2D-DemoTests.xctest"; sourceTree = BUILT_PRODUCTS_DIR; };
		0535F7741D6ECDA300CA9F94 /* Quartz2D_DemoTests.m */ = {isa = PBXFileReference; lastKnownFileType = sourcecode.c.objc; path = Quartz2D_DemoTests.m; sourceTree = "<group>"; };
		0535F7761D6ECDA300CA9F94 /* Info.plist */ = {isa = PBXFileReference; lastKnownFileType = text.plist.xml; path = Info.plist; sourceTree = "<group>"; };
		0535F77B1D6ECDA300CA9F94 /* Quartz2D-DemoUITests.xctest */ = {isa = PBXFileReference; explicitFileType = wrapper.cfbundle; includeInIndex = 0; path = "Quartz2D-DemoUITests.xctest"; sourceTree = BUILT_PRODUCTS_DIR; };
		0535F77F1D6ECDA300CA9F94 /* Quartz2D_DemoUITests.m */ = {isa = PBXFileReference; lastKnownFileType = sourcecode.c.objc; path = Quartz2D_DemoUITests.m; sourceTree = "<group>"; };
		0535F7811D6ECDA300CA9F94 /* Info.plist */ = {isa = PBXFileReference; lastKnownFileType = text.plist.xml; path = Info.plist; sourceTree = "<group>"; };
		0535F78D1D6ECFAC00CA9F94 /* CustomView.h */ = {isa = PBXFileReference; fileEncoding = 4; lastKnownFileType = sourcecode.c.h; path = CustomView.h; sourceTree = "<group>"; };
		0535F78E1D6ECFAC00CA9F94 /* CustomView.m */ = {isa = PBXFileReference; fileEncoding = 4; lastKnownFileType = sourcecode.c.objc; path = CustomView.m; sourceTree = "<group>"; };
		055575F21D73D2E400D2D4D7 /* AViewController.h */ = {isa = PBXFileReference; fileEncoding = 4; lastKnownFileType = sourcecode.c.h; path = AViewController.h; sourceTree = "<group>"; };
		055575F31D73D2E400D2D4D7 /* AViewController.m */ = {isa = PBXFileReference; fileEncoding = 4; lastKnownFileType = sourcecode.c.objc; path = AViewController.m; sourceTree = "<group>"; };
		055575F51D7408F600D2D4D7 /* MyLayer.h */ = {isa = PBXFileReference; fileEncoding = 4; lastKnownFileType = sourcecode.c.h; path = MyLayer.h; sourceTree = "<group>"; };
		055575F61D7408F600D2D4D7 /* MyLayer.m */ = {isa = PBXFileReference; fileEncoding = 4; lastKnownFileType = sourcecode.c.objc; path = MyLayer.m; sourceTree = "<group>"; };
		055575F81D741BE200D2D4D7 /* CustomView7.h */ = {isa = PBXFileReference; fileEncoding = 4; lastKnownFileType = sourcecode.c.h; path = CustomView7.h; sourceTree = "<group>"; };
		055575F91D741BE200D2D4D7 /* CustomView7.m */ = {isa = PBXFileReference; fileEncoding = 4; lastKnownFileType = sourcecode.c.objc; path = CustomView7.m; sourceTree = "<group>"; };
		055575FB1D74279400D2D4D7 /* CViewController.h */ = {isa = PBXFileReference; fileEncoding = 4; lastKnownFileType = sourcecode.c.h; path = CViewController.h; sourceTree = "<group>"; };
		055575FC1D74279400D2D4D7 /* CViewController.m */ = {isa = PBXFileReference; fileEncoding = 4; lastKnownFileType = sourcecode.c.objc; path = CViewController.m; sourceTree = "<group>"; };
		0569E7C91D6FDCBD0041190B /* CustomView2.h */ = {isa = PBXFileReference; fileEncoding = 4; lastKnownFileType = sourcecode.c.h; path = CustomView2.h; sourceTree = "<group>"; };
		0569E7CA1D6FDCBD0041190B /* CustomView2.m */ = {isa = PBXFileReference; fileEncoding = 4; lastKnownFileType = sourcecode.c.objc; path = CustomView2.m; sourceTree = "<group>"; };
		0569E7CC1D7021C80041190B /* CustomView3.h */ = {isa = PBXFileReference; fileEncoding = 4; lastKnownFileType = sourcecode.c.h; path = CustomView3.h; sourceTree = "<group>"; };
		0569E7CD1D7021C80041190B /* CustomView3.m */ = {isa = PBXFileReference; fileEncoding = 4; lastKnownFileType = sourcecode.c.objc; path = CustomView3.m; sourceTree = "<group>"; };
		0569E7CF1D70253D0041190B /* 动态1 copy@2x.png */ = {isa = PBXFileReference; lastKnownFileType = image.png; path = "动态1 copy@2x.png"; sourceTree = "<group>"; };
		0569E7D11D7030FC0041190B /* CustomView4.h */ = {isa = PBXFileReference; fileEncoding = 4; lastKnownFileType = sourcecode.c.h; path = CustomView4.h; sourceTree = "<group>"; };
		0569E7D21D7030FC0041190B /* CustomView4.m */ = {isa = PBXFileReference; fileEncoding = 4; lastKnownFileType = sourcecode.c.objc; path = CustomView4.m; sourceTree = "<group>"; };
		0569E7D41D7035860041190B /* CustomView5.h */ = {isa = PBXFileReference; fileEncoding = 4; lastKnownFileType = sourcecode.c.h; path = CustomView5.h; sourceTree = "<group>"; };
		0569E7D51D7035860041190B /* CustomView5.m */ = {isa = PBXFileReference; fileEncoding = 4; lastKnownFileType = sourcecode.c.objc; path = CustomView5.m; sourceTree = "<group>"; };
		0569E7D71D7035F20041190B /* 礼物盒3@2x.png */ = {isa = PBXFileReference; lastKnownFileType = image.png; path = "礼物盒3@2x.png"; sourceTree = "<group>"; };
/* End PBXFileReference section */

/* Begin PBXFrameworksBuildPhase section */
		0535F7541D6ECDA300CA9F94 /* Frameworks */ = {
			isa = PBXFrameworksBuildPhase;
			buildActionMask = 2147483647;
			files = (
			);
			runOnlyForDeploymentPostprocessing = 0;
		};
		0535F76D1D6ECDA300CA9F94 /* Frameworks */ = {
			isa = PBXFrameworksBuildPhase;
			buildActionMask = 2147483647;
			files = (
			);
			runOnlyForDeploymentPostprocessing = 0;
		};
		0535F7781D6ECDA300CA9F94 /* Frameworks */ = {
			isa = PBXFrameworksBuildPhase;
			buildActionMask = 2147483647;
			files = (
			);
			runOnlyForDeploymentPostprocessing = 0;
		};
/* End PBXFrameworksBuildPhase section */

/* Begin PBXGroup section */
		0535F74E1D6ECDA300CA9F94 = {
			isa = PBXGroup;
			children = (
				0535F7591D6ECDA300CA9F94 /* Quartz2D-Demo */,
				0535F7731D6ECDA300CA9F94 /* Quartz2D-DemoTests */,
				0535F77E1D6ECDA300CA9F94 /* Quartz2D-DemoUITests */,
				0535F7581D6ECDA300CA9F94 /* Products */,
			);
			sourceTree = "<group>";
		};
		0535F7581D6ECDA300CA9F94 /* Products */ = {
			isa = PBXGroup;
			children = (
				0535F7571D6ECDA300CA9F94 /* Quartz2D-Demo.app */,
				0535F7701D6ECDA300CA9F94 /* Quartz2D-DemoTests.xctest */,
				0535F77B1D6ECDA300CA9F94 /* Quartz2D-DemoUITests.xctest */,
			);
			name = Products;
			sourceTree = "<group>";
		};
		0535F7591D6ECDA300CA9F94 /* Quartz2D-Demo */ = {
			isa = PBXGroup;
			children = (
				0535F75D1D6ECDA300CA9F94 /* AppDelegate.h */,
				0535F75E1D6ECDA300CA9F94 /* AppDelegate.m */,
				0535F7601D6ECDA300CA9F94 /* ViewController.h */,
				0535F7611D6ECDA300CA9F94 /* ViewController.m */,
				055575F21D73D2E400D2D4D7 /* AViewController.h */,
				055575F31D73D2E400D2D4D7 /* AViewController.m */,
				055575FB1D74279400D2D4D7 /* CViewController.h */,
				055575FC1D74279400D2D4D7 /* CViewController.m */,
				0535F78D1D6ECFAC00CA9F94 /* CustomView.h */,
				0535F78E1D6ECFAC00CA9F94 /* CustomView.m */,
				0569E7C91D6FDCBD0041190B /* CustomView2.h */,
				0569E7CA1D6FDCBD0041190B /* CustomView2.m */,
				0569E7CC1D7021C80041190B /* CustomView3.h */,
				0569E7CD1D7021C80041190B /* CustomView3.m */,
				0569E7D11D7030FC0041190B /* CustomView4.h */,
				0569E7D21D7030FC0041190B /* CustomView4.m */,
				0569E7D41D7035860041190B /* CustomView5.h */,
				0569E7D51D7035860041190B /* CustomView5.m */,
				055575F51D7408F600D2D4D7 /* MyLayer.h */,
				055575F61D7408F600D2D4D7 /* MyLayer.m */,
				055575F81D741BE200D2D4D7 /* CustomView7.h */,
				055575F91D741BE200D2D4D7 /* CustomView7.m */,
				0569E7CF1D70253D0041190B /* 动态1 copy@2x.png */,
				0569E7D71D7035F20041190B /* 礼物盒3@2x.png */,
				0535F7631D6ECDA300CA9F94 /* Main.storyboard */,
				0535F7661D6ECDA300CA9F94 /* Assets.xcassets */,
				0535F7681D6ECDA300CA9F94 /* LaunchScreen.storyboard */,
				0535F76B1D6ECDA300CA9F94 /* Info.plist */,
				0535F75A1D6ECDA300CA9F94 /* Supporting Files */,
			);
			path = "Quartz2D-Demo";
			sourceTree = "<group>";
		};
		0535F75A1D6ECDA300CA9F94 /* Supporting Files */ = {
			isa = PBXGroup;
			children = (
				0535F75B1D6ECDA300CA9F94 /* main.m */,
			);
			name = "Supporting Files";
			sourceTree = "<group>";
		};
		0535F7731D6ECDA300CA9F94 /* Quartz2D-DemoTests */ = {
			isa = PBXGroup;
			children = (
				0535F7741D6ECDA300CA9F94 /* Quartz2D_DemoTests.m */,
				0535F7761D6ECDA300CA9F94 /* Info.plist */,
			);
			path = "Quartz2D-DemoTests";
			sourceTree = "<group>";
		};
		0535F77E1D6ECDA300CA9F94 /* Quartz2D-DemoUITests */ = {
			isa = PBXGroup;
			children = (
				0535F77F1D6ECDA300CA9F94 /* Quartz2D_DemoUITests.m */,
				0535F7811D6ECDA300CA9F94 /* Info.plist */,
			);
			path = "Quartz2D-DemoUITests";
			sourceTree = "<group>";
		};
/* End PBXGroup section */

/* Begin PBXNativeTarget section */
		0535F7561D6ECDA300CA9F94 /* Quartz2D-Demo */ = {
			isa = PBXNativeTarget;
			buildConfigurationList = 0535F7841D6ECDA300CA9F94 /* Build configuration list for PBXNativeTarget "Quartz2D-Demo" */;
			buildPhases = (
				0535F7531D6ECDA300CA9F94 /* Sources */,
				0535F7541D6ECDA300CA9F94 /* Frameworks */,
				0535F7551D6ECDA300CA9F94 /* Resources */,
			);
			buildRules = (
			);
			dependencies = (
			);
			name = "Quartz2D-Demo";
			productName = "Quartz2D-Demo";
			productReference = 0535F7571D6ECDA300CA9F94 /* Quartz2D-Demo.app */;
			productType = "com.apple.product-type.application";
		};
		0535F76F1D6ECDA300CA9F94 /* Quartz2D-DemoTests */ = {
			isa = PBXNativeTarget;
			buildConfigurationList = 0535F7871D6ECDA300CA9F94 /* Build configuration list for PBXNativeTarget "Quartz2D-DemoTests" */;
			buildPhases = (
				0535F76C1D6ECDA300CA9F94 /* Sources */,
				0535F76D1D6ECDA300CA9F94 /* Frameworks */,
				0535F76E1D6ECDA300CA9F94 /* Resources */,
			);
			buildRules = (
			);
			dependencies = (
				0535F7721D6ECDA300CA9F94 /* PBXTargetDependency */,
			);
			name = "Quartz2D-DemoTests";
			productName = "Quartz2D-DemoTests";
			productReference = 0535F7701D6ECDA300CA9F94 /* Quartz2D-DemoTests.xctest */;
			productType = "com.apple.product-type.bundle.unit-test";
		};
		0535F77A1D6ECDA300CA9F94 /* Quartz2D-DemoUITests */ = {
			isa = PBXNativeTarget;
			buildConfigurationList = 0535F78A1D6ECDA300CA9F94 /* Build configuration list for PBXNativeTarget "Quartz2D-DemoUITests" */;
			buildPhases = (
				0535F7771D6ECDA300CA9F94 /* Sources */,
				0535F7781D6ECDA300CA9F94 /* Frameworks */,
				0535F7791D6ECDA300CA9F94 /* Resources */,
			);
			buildRules = (
			);
			dependencies = (
				0535F77D1D6ECDA300CA9F94 /* PBXTargetDependency */,
			);
			name = "Quartz2D-DemoUITests";
			productName = "Quartz2D-DemoUITests";
			productReference = 0535F77B1D6ECDA300CA9F94 /* Quartz2D-DemoUITests.xctest */;
			productType = "com.apple.product-type.bundle.ui-testing";
		};
/* End PBXNativeTarget section */

/* Begin PBXProject section */
		0535F74F1D6ECDA300CA9F94 /* Project object */ = {
			isa = PBXProject;
			attributes = {
				LastUpgradeCheck = 0730;
				ORGANIZATIONNAME = UTOUU;
				TargetAttributes = {
					0535F7561D6ECDA300CA9F94 = {
						CreatedOnToolsVersion = 7.3;
					};
					0535F76F1D6ECDA300CA9F94 = {
						CreatedOnToolsVersion = 7.3;
						TestTargetID = 0535F7561D6ECDA300CA9F94;
					};
					0535F77A1D6ECDA300CA9F94 = {
						CreatedOnToolsVersion = 7.3;
						TestTargetID = 0535F7561D6ECDA300CA9F94;
					};
				};
			};
			buildConfigurationList = 0535F7521D6ECDA300CA9F94 /* Build configuration list for PBXProject "Quartz2D-Demo" */;
			compatibilityVersion = "Xcode 3.2";
			developmentRegion = English;
			hasScannedForEncodings = 0;
			knownRegions = (
				en,
				Base,
			);
			mainGroup = 0535F74E1D6ECDA300CA9F94;
			productRefGroup = 0535F7581D6ECDA300CA9F94 /* Products */;
			projectDirPath = "";
			projectRoot = "";
			targets = (
				0535F7561D6ECDA300CA9F94 /* Quartz2D-Demo */,
				0535F76F1D6ECDA300CA9F94 /* Quartz2D-DemoTests */,
				0535F77A1D6ECDA300CA9F94 /* Quartz2D-DemoUITests */,
			);
		};
/* End PBXProject section */

/* Begin PBXResourcesBuildPhase section */
		0535F7551D6ECDA300CA9F94 /* Resources */ = {
			isa = PBXResourcesBuildPhase;
			buildActionMask = 2147483647;
			files = (
				0535F76A1D6ECDA300CA9F94 /* LaunchScreen.storyboard in Resources */,
				0569E7D01D70253D0041190B /* 动态1 copy@2x.png in Resources */,
				0569E7D81D7035F20041190B /* 礼物盒3@2x.png in Resources */,
				0535F7671D6ECDA300CA9F94 /* Assets.xcassets in Resources */,
				0535F7651D6ECDA300CA9F94 /* Main.storyboard in Resources */,
			);
			runOnlyForDeploymentPostprocessing = 0;
		};
		0535F76E1D6ECDA300CA9F94 /* Resources */ = {
			isa = PBXResourcesBuildPhase;
			buildActionMask = 2147483647;
			files = (
			);
			runOnlyForDeploymentPostprocessing = 0;
		};
		0535F7791D6ECDA300CA9F94 /* Resources */ = {
			isa = PBXResourcesBuildPhase;
			buildActionMask = 2147483647;
			files = (
			);
			runOnlyForDeploymentPostprocessing = 0;
		};
/* End PBXResourcesBuildPhase section */

/* Begin PBXSourcesBuildPhase section */
		0535F7531D6ECDA300CA9F94 /* Sources */ = {
			isa = PBXSourcesBuildPhase;
			buildActionMask = 2147483647;
			files = (
				0535F7621D6ECDA300CA9F94 /* ViewController.m in Sources */,
				055575F71D7408F600D2D4D7 /* MyLayer.m in Sources */,
				055575FD1D74279400D2D4D7 /* CViewController.m in Sources */,
				0535F78F1D6ECFAC00CA9F94 /* CustomView.m in Sources */,
				0535F75F1D6ECDA300CA9F94 /* AppDelegate.m in Sources */,
				0569E7D61D7035860041190B /* CustomView5.m in Sources */,
				0535F75C1D6ECDA300CA9F94 /* main.m in Sources */,
				055575F41D73D2E400D2D4D7 /* AViewController.m in Sources */,
				0569E7CB1D6FDCBD0041190B /* CustomView2.m in Sources */,
				0569E7D31D7030FC0041190B /* CustomView4.m in Sources */,
				055575FA1D741BE200D2D4D7 /* CustomView7.m in Sources */,
				0569E7CE1D7021C80041190B /* CustomView3.m in Sources */,
			);
			runOnlyForDeploymentPostprocessing = 0;
		};
		0535F76C1D6ECDA300CA9F94 /* Sources */ = {
			isa = PBXSourcesBuildPhase;
			buildActionMask = 2147483647;
			files = (
				0535F7751D6ECDA300CA9F94 /* Quartz2D_DemoTests.m in Sources */,
			);
			runOnlyForDeploymentPostprocessing = 0;
		};
		0535F7771D6ECDA300CA9F94 /* Sources */ = {
			isa = PBXSourcesBuildPhase;
			buildActionMask = 2147483647;
			files = (
				0535F7801D6ECDA300CA9F94 /* Quartz2D_DemoUITests.m in Sources */,
			);
			runOnlyForDeploymentPostprocessing = 0;
		};
/* End PBXSourcesBuildPhase section */

/* Begin PBXTargetDependency section */
		0535F7721D6ECDA300CA9F94 /* PBXTargetDependency */ = {
			isa = PBXTargetDependency;
			target = 0535F7561D6ECDA300CA9F94 /* Quartz2D-Demo */;
			targetProxy = 0535F7711D6ECDA300CA9F94 /* PBXContainerItemProxy */;
		};
		0535F77D1D6ECDA300CA9F94 /* PBXTargetDependency */ = {
			isa = PBXTargetDependency;
			target = 0535F7561D6ECDA300CA9F94 /* Quartz2D-Demo */;
			targetProxy = 0535F77C1D6ECDA300CA9F94 /* PBXContainerItemProxy */;
		};
/* End PBXTargetDependency section */

/* Begin PBXVariantGroup section */
		0535F7631D6ECDA300CA9F94 /* Main.storyboard */ = {
			isa = PBXVariantGroup;
			children = (
				0535F7641D6ECDA300CA9F94 /* Base */,
			);
			name = Main.storyboard;
			sourceTree = "<group>";
		};
		0535F7681D6ECDA300CA9F94 /* LaunchScreen.storyboard */ = {
			isa = PBXVariantGroup;
			children = (
				0535F7691D6ECDA300CA9F94 /* Base */,
			);
			name = LaunchScreen.storyboard;
			sourceTree = "<group>";
		};
/* End PBXVariantGroup section */

/* Begin XCBuildConfiguration section */
		0535F7821D6ECDA300CA9F94 /* Debug */ = {
			isa = XCBuildConfiguration;
			buildSettings = {
				ALWAYS_SEARCH_USER_PATHS = NO;
				CLANG_ANALYZER_NONNULL = YES;
				CLANG_CXX_LANGUAGE_STANDARD = "gnu++0x";
				CLANG_CXX_LIBRARY = "libc++";
				CLANG_ENABLE_MODULES = YES;
				CLANG_ENABLE_OBJC_ARC = YES;
				CLANG_WARN_BOOL_CONVERSION = YES;
				CLANG_WARN_CONSTANT_CONVERSION = YES;
				CLANG_WARN_DIRECT_OBJC_ISA_USAGE = YES_ERROR;
				CLANG_WARN_EMPTY_BODY = YES;
				CLANG_WARN_ENUM_CONVERSION = YES;
				CLANG_WARN_INT_CONVERSION = YES;
				CLANG_WARN_OBJC_ROOT_CLASS = YES_ERROR;
				CLANG_WARN_UNREACHABLE_CODE = YES;
				CLANG_WARN__DUPLICATE_METHOD_MATCH = YES;
				"CODE_SIGN_IDENTITY[sdk=iphoneos*]" = "iPhone Developer";
				COPY_PHASE_STRIP = NO;
				DEBUG_INFORMATION_FORMAT = dwarf;
				ENABLE_STRICT_OBJC_MSGSEND = YES;
				ENABLE_TESTABILITY = YES;
				GCC_C_LANGUAGE_STANDARD = gnu99;
				GCC_DYNAMIC_NO_PIC = NO;
				GCC_NO_COMMON_BLOCKS = YES;
				GCC_OPTIMIZATION_LEVEL = 0;
				GCC_PREPROCESSOR_DEFINITIONS = (
					"DEBUG=1",
					"$(inherited)",
				);
				GCC_WARN_64_TO_32_BIT_CONVERSION = YES;
				GCC_WARN_ABOUT_RETURN_TYPE = YES_ERROR;
				GCC_WARN_UNDECLARED_SELECTOR = YES;
				GCC_WARN_UNINITIALIZED_AUTOS = YES_AGGRESSIVE;
				GCC_WARN_UNUSED_FUNCTION = YES;
				GCC_WARN_UNUSED_VARIABLE = YES;
				IPHONEOS_DEPLOYMENT_TARGET = 9.3;
				MTL_ENABLE_DEBUG_INFO = YES;
				ONLY_ACTIVE_ARCH = YES;
				SDKROOT = iphoneos;
			};
			name = Debug;
		};
		0535F7831D6ECDA300CA9F94 /* Release */ = {
			isa = XCBuildConfiguration;
			buildSettings = {
				ALWAYS_SEARCH_USER_PATHS = NO;
				CLANG_ANALYZER_NONNULL = YES;
				CLANG_CXX_LANGUAGE_STANDARD = "gnu++0x";
				CLANG_CXX_LIBRARY = "libc++";
				CLANG_ENABLE_MODULES = YES;
				CLANG_ENABLE_OBJC_ARC = YES;
				CLANG_WARN_BOOL_CONVERSION = YES;
				CLANG_WARN_CONSTANT_CONVERSION = YES;
				CLANG_WARN_DIRECT_OBJC_ISA_USAGE = YES_ERROR;
				CLANG_WARN_EMPTY_BODY = YES;
				CLANG_WARN_ENUM_CONVERSION = YES;
				CLANG_WARN_INT_CONVERSION = YES;
				CLANG_WARN_OBJC_ROOT_CLASS = YES_ERROR;
				CLANG_WARN_UNREACHABLE_CODE = YES;
				CLANG_WARN__DUPLICATE_METHOD_MATCH = YES;
				"CODE_SIGN_IDENTITY[sdk=iphoneos*]" = "iPhone Developer";
				COPY_PHASE_STRIP = NO;
				DEBUG_INFORMATION_FORMAT = "dwarf-with-dsym";
				ENABLE_NS_ASSERTIONS = NO;
				ENABLE_STRICT_OBJC_MSGSEND = YES;
				GCC_C_LANGUAGE_STANDARD = gnu99;
				GCC_NO_COMMON_BLOCKS = YES;
				GCC_WARN_64_TO_32_BIT_CONVERSION = YES;
				GCC_WARN_ABOUT_RETURN_TYPE = YES_ERROR;
				GCC_WARN_UNDECLARED_SELECTOR = YES;
				GCC_WARN_UNINITIALIZED_AUTOS = YES_AGGRESSIVE;
				GCC_WARN_UNUSED_FUNCTION = YES;
				GCC_WARN_UNUSED_VARIABLE = YES;
				IPHONEOS_DEPLOYMENT_TARGET = 9.3;
				MTL_ENABLE_DEBUG_INFO = NO;
				SDKROOT = iphoneos;
				VALIDATE_PRODUCT = YES;
			};
			name = Release;
		};
		0535F7851D6ECDA300CA9F94 /* Debug */ = {
			isa = XCBuildConfiguration;
			buildSettings = {
				ASSETCATALOG_COMPILER_APPICON_NAME = AppIcon;
				INFOPLIST_FILE = "Quartz2D-Demo/Info.plist";
				LD_RUNPATH_SEARCH_PATHS = "$(inherited) @executable_path/Frameworks";
				PRODUCT_BUNDLE_IDENTIFIER = "com.youtang.Quartz2D-Demo";
				PRODUCT_NAME = "$(TARGET_NAME)";
			};
			name = Debug;
		};
		0535F7861D6ECDA300CA9F94 /* Release */ = {
			isa = XCBuildConfiguration;
			buildSettings = {
				ASSETCATALOG_COMPILER_APPICON_NAME = AppIcon;
				INFOPLIST_FILE = "Quartz2D-Demo/Info.plist";
				LD_RUNPATH_SEARCH_PATHS = "$(inherited) @executable_path/Frameworks";
				PRODUCT_BUNDLE_IDENTIFIER = "com.youtang.Quartz2D-Demo";
				PRODUCT_NAME = "$(TARGET_NAME)";
			};
			name = Release;
		};
		0535F7881D6ECDA300CA9F94 /* Debug */ = {
			isa = XCBuildConfiguration;
			buildSettings = {
				BUNDLE_LOADER = "$(TEST_HOST)";
				INFOPLIST_FILE = "Quartz2D-DemoTests/Info.plist";
				LD_RUNPATH_SEARCH_PATHS = "$(inherited) @executable_path/Frameworks @loader_path/Frameworks";
				PRODUCT_BUNDLE_IDENTIFIER = "com.youtang.Quartz2D-DemoTests";
				PRODUCT_NAME = "$(TARGET_NAME)";
				TEST_HOST = "$(BUILT_PRODUCTS_DIR)/Quartz2D-Demo.app/Quartz2D-Demo";
			};
			name = Debug;
		};
		0535F7891D6ECDA300CA9F94 /* Release */ = {
			isa = XCBuildConfiguration;
			buildSettings = {
				BUNDLE_LOADER = "$(TEST_HOST)";
				INFOPLIST_FILE = "Quartz2D-DemoTests/Info.plist";
				LD_RUNPATH_SEARCH_PATHS = "$(inherited) @executable_path/Frameworks @loader_path/Frameworks";
				PRODUCT_BUNDLE_IDENTIFIER = "com.youtang.Quartz2D-DemoTests";
				PRODUCT_NAME = "$(TARGET_NAME)";
				TEST_HOST = "$(BUILT_PRODUCTS_DIR)/Quartz2D-Demo.app/Quartz2D-Demo";
			};
			name = Release;
		};
		0535F78B1D6ECDA300CA9F94 /* Debug */ = {
			isa = XCBuildConfiguration;
			buildSettings = {
				INFOPLIST_FILE = "Quartz2D-DemoUITests/Info.plist";
				LD_RUNPATH_SEARCH_PATHS = "$(inherited) @executable_path/Frameworks @loader_path/Frameworks";
				PRODUCT_BUNDLE_IDENTIFIER = "com.youtang.Quartz2D-DemoUITests";
				PRODUCT_NAME = "$(TARGET_NAME)";
				TEST_TARGET_NAME = "Quartz2D-Demo";
			};
			name = Debug;
		};
		0535F78C1D6ECDA300CA9F94 /* Release */ = {
			isa = XCBuildConfiguration;
			buildSettings = {
				INFOPLIST_FILE = "Quartz2D-DemoUITests/Info.plist";
				LD_RUNPATH_SEARCH_PATHS = "$(inherited) @executable_path/Frameworks @loader_path/Frameworks";
				PRODUCT_BUNDLE_IDENTIFIER = "com.youtang.Quartz2D-DemoUITests";
				PRODUCT_NAME = "$(TARGET_NAME)";
				TEST_TARGET_NAME = "Quartz2D-Demo";
			};
			name = Release;
		};
/* End XCBuildConfiguration section */

/* Begin XCConfigurationList section */
		0535F7521D6ECDA300CA9F94 /* Build configuration list for PBXProject "Quartz2D-Demo" */ = {
			isa = XCConfigurationList;
			buildConfigurations = (
				0535F7821D6ECDA300CA9F94 /* Debug */,
				0535F7831D6ECDA300CA9F94 /* Release */,
			);
			defaultConfigurationIsVisible = 0;
			defaultConfigurationName = Release;
		};
		0535F7841D6ECDA300CA9F94 /* Build configuration list for PBXNativeTarget "Quartz2D-Demo" */ = {
			isa = XCConfigurationList;
			buildConfigurations = (
				0535F7851D6ECDA300CA9F94 /* Debug */,
				0535F7861D6ECDA300CA9F94 /* Release */,
			);
			defaultConfigurationIsVisible = 0;
			defaultConfigurationName = Release;
		};
		0535F7871D6ECDA300CA9F94 /* Build configuration list for PBXNativeTarget "Quartz2D-DemoTests" */ = {
			isa = XCConfigurationList;
			buildConfigurations = (
				0535F7881D6ECDA300CA9F94 /* Debug */,
				0535F7891D6ECDA300CA9F94 /* Release */,
			);
			defaultConfigurationIsVisible = 0;
			defaultConfigurationName = Release;
		};
		0535F78A1D6ECDA300CA9F94 /* Build configuration list for PBXNativeTarget "Quartz2D-DemoUITests" */ = {
			isa = XCConfigurationList;
			buildConfigurations = (
				0535F78B1D6ECDA300CA9F94 /* Debug */,
				0535F78C1D6ECDA300CA9F94 /* Release */,
			);
			defaultConfigurationIsVisible = 0;
			defaultConfigurationName = Release;
		};
/* End XCConfigurationList section */
	};
	rootObject = 0535F74F1D6ECDA300CA9F94 /* Project object */;
}
